
Microsoft Visual Studio Solution File, Format Version 12.00
# Visual Studio 15
VisualStudioVersion = 15.0.35431.46
MinimumVisualStudioVersion = 10.0.40219.1
Project("{FAE04EC0-301F-11D3-BF4B-00C04F79EFBC}") = "Abstract_2.Ödv", "Abstract_2.Ödv\Abstract_2.Ödv.csproj", "{0F90B604-757E-4EF3-8FFB-6F5FAB3D6CA8}"
EndProject
Global
	GlobalSection(SolutionConfigurationPlatforms) = preSolution
		Debug|Any CPU = Debug|Any CPU
		Release|Any CPU = Release|Any CPU
	EndGlobalSection
	GlobalSection(ProjectConfigurationPlatforms) = postSolution
		{0F90B604-757E-4EF3-8FFB-6F5FAB3D6CA8}.Debug|Any CPU.ActiveCfg = Debug|Any CPU
		{0F90B604-757E-4EF3-8FFB-6F5FAB3D6CA8}.Debug|Any CPU.Build.0 = Debug|Any CPU
		{0F90B604-757E-4EF3-8FFB-6F5FAB3D6CA8}.Release|Any CPU.ActiveCfg = Release|Any CPU
		{0F90B604-757E-4EF3-8FFB-6F5FAB3D6CA8}.Release|Any CPU.Build.0 = Release|Any CPU
	EndGlobalSection
	GlobalSection(SolutionProperties) = preSolution
		HideSolutionNode = FALSE
	EndGlobalSection
	GlobalSection(ExtensibilityGlobals) = postSolution
		SolutionGuid = {1B5EE113-AB6A-4661-9B00-DE34D6C72C9D}
	EndGlobalSection
EndGlobal
