
Microsoft Visual Studio Solution File, Format Version 12.00
# Visual Studio 15
VisualStudioVersion = 15.0.35431.46
MinimumVisualStudioVersion = 10.0.40219.1
Project("{FAE04EC0-301F-11D3-BF4B-00C04F79EFBC}") = "Kalıtım_1.Ödv", "Kalıtım_1.Ödv\Kalıtım_1.Ödv.csproj", "{9D2FD39A-AB99-4131-9034-23970C382052}"
EndProject
Global
	GlobalSection(SolutionConfigurationPlatforms) = preSolution
		Debug|Any CPU = Debug|Any CPU
		Release|Any CPU = Release|Any CPU
	EndGlobalSection
	GlobalSection(ProjectConfigurationPlatforms) = postSolution
		{9D2FD39A-AB99-4131-9034-23970C382052}.Debug|Any CPU.ActiveCfg = Debug|Any CPU
		{9D2FD39A-AB99-4131-9034-23970C382052}.Debug|Any CPU.Build.0 = Debug|Any CPU
		{9D2FD39A-AB99-4131-9034-23970C382052}.Release|Any CPU.ActiveCfg = Release|Any CPU
		{9D2FD39A-AB99-4131-9034-23970C382052}.Release|Any CPU.Build.0 = Release|Any CPU
	EndGlobalSection
	GlobalSection(SolutionProperties) = preSolution
		HideSolutionNode = FALSE
	EndGlobalSection
	GlobalSection(ExtensibilityGlobals) = postSolution
		SolutionGuid = {10A66E87-18BE-4933-B072-D1083E1A44B4}
	EndGlobalSection
EndGlobal
